%{"cowlib": {:git, "https://github.com/ninenines/cowlib.git", "7fe557b9d33403d80a9c456209a194ba473a7956", [ref: "7fe557b"]},
  "dogma": {:hex, :dogma, "0.1.13", "7b6c6ad2b3ee6501eda3bd39e197dd5198be8d520d1c175c7f713803683cf27a", [:mix], [{:poison, ">= 2.0.0", [hex: :poison, optional: false]}]},
  "earmark": {:hex, :earmark, "1.0.3", "89bdbaf2aca8bbb5c97d8b3b55c5dd0cff517ecc78d417e87f1d0982e514557b", [:mix], []},
  "ex_doc": {:hex, :ex_doc, "0.14.5", "c0433c8117e948404d93ca69411dd575ec6be39b47802e81ca8d91017a0cf83c", [:mix], [{:earmark, "~> 1.0", [hex: :earmark, optional: false]}]},
  "poison": {:hex, :poison, "3.0.0", "625ebd64d33ae2e65201c2c14d6c85c27cc8b68f2d0dd37828fde9c6920dd131", [:mix], []}}
